
Microsoft Visual Studio Solution File, Format Version 12.00
# Visual Studio Version 16
VisualStudioVersion = 16.0.29709.97
MinimumVisualStudioVersion = 10.0.40219.1
Project("{FAE04EC0-301F-11D3-BF4B-00C04F79EFBC}") = "AzureKinectRecorder", "AzureKinectRecorder\AzureKinectRecorder.csproj", "{8F6C70FF-EE42-44DA-8D61-B5B3B20BDC76}"
EndProject
Project("{54435603-DBB4-11D2-8724-00A0C9A8B90C}") = "Setup", "Setup\Setup.vdproj", "{7BFB5EA3-9B9D-4407-BFC1-A611B1F0DE60}"
EndProject
Global
	GlobalSection(SolutionConfigurationPlatforms) = preSolution
		Debug|Any CPU = Debug|Any CPU
		Debug|x64 = Debug|x64
		Debug|x86 = Debug|x86
		Release|Any CPU = Release|Any CPU
		Release|x64 = Release|x64
		Release|x86 = Release|x86
	EndGlobalSection
	GlobalSection(ProjectConfigurationPlatforms) = postSolution
		{8F6C70FF-EE42-44DA-8D61-B5B3B20BDC76}.Debug|Any CPU.ActiveCfg = Debug|Any CPU
		{8F6C70FF-EE42-44DA-8D61-B5B3B20BDC76}.Debug|Any CPU.Build.0 = Debug|Any CPU
		{8F6C70FF-EE42-44DA-8D61-B5B3B20BDC76}.Debug|x64.ActiveCfg = Debug|Any CPU
		{8F6C70FF-EE42-44DA-8D61-B5B3B20BDC76}.Debug|x64.Build.0 = Debug|Any CPU
		{8F6C70FF-EE42-44DA-8D61-B5B3B20BDC76}.Debug|x86.ActiveCfg = Debug|Any CPU
		{8F6C70FF-EE42-44DA-8D61-B5B3B20BDC76}.Debug|x86.Build.0 = Debug|Any CPU
		{8F6C70FF-EE42-44DA-8D61-B5B3B20BDC76}.Release|Any CPU.ActiveCfg = Release|Any CPU
		{8F6C70FF-EE42-44DA-8D61-B5B3B20BDC76}.Release|Any CPU.Build.0 = Release|Any CPU
		{8F6C70FF-EE42-44DA-8D61-B5B3B20BDC76}.Release|x64.ActiveCfg = Release|Any CPU
		{8F6C70FF-EE42-44DA-8D61-B5B3B20BDC76}.Release|x64.Build.0 = Release|Any CPU
		{8F6C70FF-EE42-44DA-8D61-B5B3B20BDC76}.Release|x86.ActiveCfg = Release|Any CPU
		{8F6C70FF-EE42-44DA-8D61-B5B3B20BDC76}.Release|x86.Build.0 = Release|Any CPU
		{7BFB5EA3-9B9D-4407-BFC1-A611B1F0DE60}.Debug|Any CPU.ActiveCfg = Debug
		{7BFB5EA3-9B9D-4407-BFC1-A611B1F0DE60}.Debug|x64.ActiveCfg = Debug
		{7BFB5EA3-9B9D-4407-BFC1-A611B1F0DE60}.Debug|x86.ActiveCfg = Debug
		{7BFB5EA3-9B9D-4407-BFC1-A611B1F0DE60}.Release|Any CPU.ActiveCfg = Release
		{7BFB5EA3-9B9D-4407-BFC1-A611B1F0DE60}.Release|x64.ActiveCfg = Release
		{7BFB5EA3-9B9D-4407-BFC1-A611B1F0DE60}.Release|x86.ActiveCfg = Release
	EndGlobalSection
	GlobalSection(SolutionProperties) = preSolution
		HideSolutionNode = FALSE
	EndGlobalSection
	GlobalSection(ExtensibilityGlobals) = postSolution
		SolutionGuid = {D5BE6168-271C-427E-B06D-70D857573E1A}
	EndGlobalSection
EndGlobal
